lockfileVersion: '9.0'

settings:
  autoInstallPeers: true
  excludeLinksFromLockfile: false

importers:

  .:
    devDependencies:
      tree-sitter-cli:
        specifier: ^0.22.6
        version: 0.22.6

packages:

  tree-sitter-cli@0.22.6:
    resolution: {integrity: sha512-s7mYOJXi8sIFkt/nLJSqlYZP96VmKTc3BAwIX0rrrlRxWjWuCwixFqwzxWZBQz4R8Hx01iP7z3cT3ih58BUmZQ==}
    hasBin: true

snapshots:

  tree-sitter-cli@0.22.6: {}
